Microsoft Visual Studio Solution File, Format Version 12.00
# Visual Studio Version 17
VisualStudioVersion = 17.8.34309.116
MinimumVisualStudioVersion = 10.0.40219.1
Project("{9A19103F-16F7-4668-BE54-9A1E7A4F7556}") = "LSLib", "LSLib\LSLib.csproj", "{46372C50-4288-4B8E-AF21-C934560600E0}"
EndProject
Project("{8BC9CEB8-8B4A-11D0-8D11-00A0C91BC942}") = "LSLibNative", "LSLibNative\LSLibNative.vcxproj", "{D8B26B12-E45C-47EA-88F7-56628EB2CCD1}"
EndProject
Project("{9A19103F-16F7-4668-BE54-9A1E7A4F7556}") = "ConverterApp", "ConverterApp\ConverterApp.csproj", "{FAD67294-6223-47E0-8838-E4E7FBC53ED2}"
	ProjectSection(ProjectDependencies) = postProject
		{D8B26B12-E45C-47EA-88F7-56628EB2CCD1} = {D8B26B12-E45C-47EA-88F7-56628EB2CCD1}
	EndProjectSection
EndProject
Project("{9A19103F-16F7-4668-BE54-9A1E7A4F7556}") = "Divine", "Divine\Divine.csproj", "{CBFEE38F-5F12-4D6F-B4FB-267FB68A6BEA}"
EndProject
Project("{9A19103F-16F7-4668-BE54-9A1E7A4F7556}") = "RconClient", "RconClient\RconClient.csproj", "{EF82C289-53D6-41C8-B5C3-72B37655C7F3}"
EndProject
Project("{9A19103F-16F7-4668-BE54-9A1E7A4F7556}") = "StoryCompiler", "StoryCompiler\StoryCompiler.csproj", "{32F08B9A-F50B-4C2E-AB56-533FED066DDE}"
EndProject
Project("{9A19103F-16F7-4668-BE54-9A1E7A4F7556}") = "DebuggerFrontend", "DebuggerFrontend\DebuggerFrontend.csproj", "{31E71543-CBCF-43BB-AF77-D210D548118E}"
	ProjectSection(ProjectDependencies) = postProject
		{46372C50-4288-4B8E-AF21-C934560600E0} = {46372C50-4288-4B8E-AF21-C934560600E0}
	EndProjectSection
EndProject
Project("{9A19103F-16F7-4668-BE54-9A1E7A4F7556}") = "StoryDecompiler", "StoryDecompiler\StoryDecompiler.csproj", "{E4B4F95E-F027-44D7-AB93-B96EF2E661B6}"
EndProject
Project("{9A19103F-16F7-4668-BE54-9A1E7A4F7556}") = "StatParser", "StatParser\StatParser.csproj", "{94D900D1-EC77-4170-8942-56E3736E44DE}"
EndProject
Project("{9A19103F-16F7-4668-BE54-9A1E7A4F7556}") = "VTexTool", "VTexTool\VTexTool.csproj", "{67E646C2-3C3C-4327-A0B4-40C1DB32579F}"
	ProjectSection(ProjectDependencies) = postProject
		{D8B26B12-E45C-47EA-88F7-56628EB2CCD1} = {D8B26B12-E45C-47EA-88F7-56628EB2CCD1}
	EndProjectSection
EndProject
Project("{2150E333-8FDC-42A3-9474-1A3956D46DE8}") = "Solution Items", "Solution Items", "{6DF990BA-71FD-4DAE-9BAD-53B4B9097C13}"
	ProjectSection(SolutionItems) = preProject
		.editorconfig = .editorconfig
	EndProjectSection
EndProject
Project("{8BC9CEB8-8B4A-11D0-8D11-00A0C91BC942}") = "PhysicsTool", "PhysicsTool\PhysicsTool.vcxproj", "{043514DF-5822-41A0-A5CE-CBC349B1398B}"
EndProject
Project("{9A19103F-16F7-4668-BE54-9A1E7A4F7556}") = "LSLibStats", "LSLibStats\LSLibStats.csproj", "{A721CE1D-F76D-476B-86E7-C8B2D85D7E73}"
EndProject
Global
	GlobalSection(SolutionConfigurationPlatforms) = preSolution
		Debug|Any CPU = Debug|Any CPU
		Debug|x64 = Debug|x64
		Debug|x86 = Debug|x86
		Release|Any CPU = Release|Any CPU
		Release|x64 = Release|x64
		Release|x86 = Release|x86
		RelWithDebInfo|Any CPU = RelWithDebInfo|Any CPU
		RelWithDebInfo|x64 = RelWithDebInfo|x64
		RelWithDebInfo|x86 = RelWithDebInfo|x86
	EndGlobalSection
	GlobalSection(ProjectConfigurationPlatforms) = postSolution
		{46372C50-4288-4B8E-AF21-C934560600E0}.Debug|Any CPU.ActiveCfg = Debug|Any CPU
		{46372C50-4288-4B8E-AF21-C934560600E0}.Debug|Any CPU.Build.0 = Debug|Any CPU
		{46372C50-4288-4B8E-AF21-C934560600E0}.Debug|x64.ActiveCfg = Debug|Any CPU
		{46372C50-4288-4B8E-AF21-C934560600E0}.Debug|x64.Build.0 = Debug|Any CPU
		{46372C50-4288-4B8E-AF21-C934560600E0}.Debug|x86.ActiveCfg = Debug|Any CPU
		{46372C50-4288-4B8E-AF21-C934560600E0}.Debug|x86.Build.0 = Debug|Any CPU
		{46372C50-4288-4B8E-AF21-C934560600E0}.Release|Any CPU.ActiveCfg = Release|Any CPU
		{46372C50-4288-4B8E-AF21-C934560600E0}.Release|Any CPU.Build.0 = Release|Any CPU
		{46372C50-4288-4B8E-AF21-C934560600E0}.Release|x64.ActiveCfg = Release|Any CPU
		{46372C50-4288-4B8E-AF21-C934560600E0}.Release|x64.Build.0 = Release|Any CPU
		{46372C50-4288-4B8E-AF21-C934560600E0}.Release|x86.ActiveCfg = Release|Any CPU
		{46372C50-4288-4B8E-AF21-C934560600E0}.Release|x86.Build.0 = Release|Any CPU
		{46372C50-4288-4B8E-AF21-C934560600E0}.RelWithDebInfo|Any CPU.ActiveCfg = Release|Any CPU
		{46372C50-4288-4B8E-AF21-C934560600E0}.RelWithDebInfo|Any CPU.Build.0 = Release|Any CPU
		{46372C50-4288-4B8E-AF21-C934560600E0}.RelWithDebInfo|x64.ActiveCfg = Release|Any CPU
		{46372C50-4288-4B8E-AF21-C934560600E0}.RelWithDebInfo|x64.Build.0 = Release|Any CPU
		{46372C50-4288-4B8E-AF21-C934560600E0}.RelWithDebInfo|x86.ActiveCfg = Release|Any CPU
		{46372C50-4288-4B8E-AF21-C934560600E0}.RelWithDebInfo|x86.Build.0 = Release|Any CPU
		{D8B26B12-E45C-47EA-88F7-56628EB2CCD1}.Debug|Any CPU.ActiveCfg = Debug|x64
		{D8B26B12-E45C-47EA-88F7-56628EB2CCD1}.Debug|Any CPU.Build.0 = Debug|x64
		{D8B26B12-E45C-47EA-88F7-56628EB2CCD1}.Debug|x64.ActiveCfg = Debug|x64
		{D8B26B12-E45C-47EA-88F7-56628EB2CCD1}.Debug|x86.ActiveCfg = Debug|x64
		{D8B26B12-E45C-47EA-88F7-56628EB2CCD1}.Debug|x86.Build.0 = Debug|x64
		{D8B26B12-E45C-47EA-88F7-56628EB2CCD1}.Release|Any CPU.ActiveCfg = Release|x64
		{D8B26B12-E45C-47EA-88F7-56628EB2CCD1}.Release|Any CPU.Build.0 = Release|x64
		{D8B26B12-E45C-47EA-88F7-56628EB2CCD1}.Release|x64.ActiveCfg = Release|x64
		{D8B26B12-E45C-47EA-88F7-56628EB2CCD1}.Release|x86.ActiveCfg = Release|x64
		{D8B26B12-E45C-47EA-88F7-56628EB2CCD1}.Release|x86.Build.0 = Release|x64
		{D8B26B12-E45C-47EA-88F7-56628EB2CCD1}.RelWithDebInfo|Any CPU.ActiveCfg = Release|x64
		{D8B26B12-E45C-47EA-88F7-56628EB2CCD1}.RelWithDebInfo|Any CPU.Build.0 = Release|x64
		{D8B26B12-E45C-47EA-88F7-56628EB2CCD1}.RelWithDebInfo|x64.ActiveCfg = Release|x64
		{D8B26B12-E45C-47EA-88F7-56628EB2CCD1}.RelWithDebInfo|x86.ActiveCfg = Release|x64
		{D8B26B12-E45C-47EA-88F7-56628EB2CCD1}.RelWithDebInfo|x86.Build.0 = Release|x64
		{FAD67294-6223-47E0-8838-E4E7FBC53ED2}.Debug|Any CPU.ActiveCfg = Debug|Any CPU
		{FAD67294-6223-47E0-8838-E4E7FBC53ED2}.Debug|Any CPU.Build.0 = Debug|Any CPU
		{FAD67294-6223-47E0-8838-E4E7FBC53ED2}.Debug|x64.ActiveCfg = Debug|Any CPU
		{FAD67294-6223-47E0-8838-E4E7FBC53ED2}.Debug|x64.Build.0 = Debug|Any CPU
		{FAD67294-6223-47E0-8838-E4E7FBC53ED2}.Debug|x86.ActiveCfg = Debug|Any CPU
		{FAD67294-6223-47E0-8838-E4E7FBC53ED2}.Debug|x86.Build.0 = Debug|Any CPU
		{FAD67294-6223-47E0-8838-E4E7FBC53ED2}.Release|Any CPU.ActiveCfg = Release|Any CPU
		{FAD67294-6223-47E0-8838-E4E7FBC53ED2}.Release|Any CPU.Build.0 = Release|Any CPU
		{FAD67294-6223-47E0-8838-E4E7FBC53ED2}.Release|x64.ActiveCfg = Release|Any CPU
		{FAD67294-6223-47E0-8838-E4E7FBC53ED2}.Release|x64.Build.0 = Release|Any CPU
		{FAD67294-6223-47E0-8838-E4E7FBC53ED2}.Release|x86.ActiveCfg = Release|Any CPU
		{FAD67294-6223-47E0-8838-E4E7FBC53ED2}.Release|x86.Build.0 = Release|Any CPU
		{FAD67294-6223-47E0-8838-E4E7FBC53ED2}.RelWithDebInfo|Any CPU.ActiveCfg = Release|Any CPU
		{FAD67294-6223-47E0-8838-E4E7FBC53ED2}.RelWithDebInfo|Any CPU.Build.0 = Release|Any CPU
		{FAD67294-6223-47E0-8838-E4E7FBC53ED2}.RelWithDebInfo|x64.ActiveCfg = Release|Any CPU
		{FAD67294-6223-47E0-8838-E4E7FBC53ED2}.RelWithDebInfo|x64.Build.0 = Release|Any CPU
		{FAD67294-6223-47E0-8838-E4E7FBC53ED2}.RelWithDebInfo|x86.ActiveCfg = Release|Any CPU
		{FAD67294-6223-47E0-8838-E4E7FBC53ED2}.RelWithDebInfo|x86.Build.0 = Release|Any CPU
		{CBFEE38F-5F12-4D6F-B4FB-267FB68A6BEA}.Debug|Any CPU.ActiveCfg = Debug|Any CPU
		{CBFEE38F-5F12-4D6F-B4FB-267FB68A6BEA}.Debug|Any CPU.Build.0 = Debug|Any CPU
		{CBFEE38F-5F12-4D6F-B4FB-267FB68A6BEA}.Debug|x64.ActiveCfg = Debug|Any CPU
		{CBFEE38F-5F12-4D6F-B4FB-267FB68A6BEA}.Debug|x64.Build.0 = Debug|Any CPU
		{CBFEE38F-5F12-4D6F-B4FB-267FB68A6BEA}.Debug|x86.ActiveCfg = Debug|Any CPU
		{CBFEE38F-5F12-4D6F-B4FB-267FB68A6BEA}.Debug|x86.Build.0 = Debug|Any CPU
		{CBFEE38F-5F12-4D6F-B4FB-267FB68A6BEA}.Release|Any CPU.ActiveCfg = Release|Any CPU
		{CBFEE38F-5F12-4D6F-B4FB-267FB68A6BEA}.Release|Any CPU.Build.0 = Release|Any CPU
		{CBFEE38F-5F12-4D6F-B4FB-267FB68A6BEA}.Release|x64.ActiveCfg = Release|Any CPU
		{CBFEE38F-5F12-4D6F-B4FB-267FB68A6BEA}.Release|x64.Build.0 = Release|Any CPU
		{CBFEE38F-5F12-4D6F-B4FB-267FB68A6BEA}.Release|x86.ActiveCfg = Release|Any CPU
		{CBFEE38F-5F12-4D6F-B4FB-267FB68A6BEA}.Release|x86.Build.0 = Release|Any CPU
		{CBFEE38F-5F12-4D6F-B4FB-267FB68A6BEA}.RelWithDebInfo|Any CPU.ActiveCfg = Release|Any CPU
		{CBFEE38F-5F12-4D6F-B4FB-267FB68A6BEA}.RelWithDebInfo|Any CPU.Build.0 = Release|Any CPU
		{CBFEE38F-5F12-4D6F-B4FB-267FB68A6BEA}.RelWithDebInfo|x64.ActiveCfg = Release|Any CPU
		{CBFEE38F-5F12-4D6F-B4FB-267FB68A6BEA}.RelWithDebInfo|x64.Build.0 = Release|Any CPU
		{CBFEE38F-5F12-4D6F-B4FB-267FB68A6BEA}.RelWithDebInfo|x86.ActiveCfg = Release|Any CPU
		{CBFEE38F-5F12-4D6F-B4FB-267FB68A6BEA}.RelWithDebInfo|x86.Build.0 = Release|Any CPU
		{EF82C289-53D6-41C8-B5C3-72B37655C7F3}.Debug|Any CPU.ActiveCfg = Debug|Any CPU
		{EF82C289-53D6-41C8-B5C3-72B37655C7F3}.Debug|Any CPU.Build.0 = Debug|Any CPU
		{EF82C289-53D6-41C8-B5C3-72B37655C7F3}.Debug|x64.ActiveCfg = Debug|Any CPU
		{EF82C289-53D6-41C8-B5C3-72B37655C7F3}.Debug|x64.Build.0 = Debug|Any CPU
		{EF82C289-53D6-41C8-B5C3-72B37655C7F3}.Debug|x86.ActiveCfg = Debug|Any CPU
		{EF82C289-53D6-41C8-B5C3-72B37655C7F3}.Debug|x86.Build.0 = Debug|Any CPU
		{EF82C289-53D6-41C8-B5C3-72B37655C7F3}.Release|Any CPU.ActiveCfg = Release|Any CPU
		{EF82C289-53D6-41C8-B5C3-72B37655C7F3}.Release|Any CPU.Build.0 = Release|Any CPU
		{EF82C289-53D6-41C8-B5C3-72B37655C7F3}.Release|x64.ActiveCfg = Release|Any CPU
		{EF82C289-53D6-41C8-B5C3-72B37655C7F3}.Release|x64.Build.0 = Release|Any CPU
		{EF82C289-53D6-41C8-B5C3-72B37655C7F3}.Release|x86.ActiveCfg = Release|Any CPU
		{EF82C289-53D6-41C8-B5C3-72B37655C7F3}.Release|x86.Build.0 = Release|Any CPU
		{EF82C289-53D6-41C8-B5C3-72B37655C7F3}.RelWithDebInfo|Any CPU.ActiveCfg = Release|Any CPU
		{EF82C289-53D6-41C8-B5C3-72B37655C7F3}.RelWithDebInfo|Any CPU.Build.0 = Release|Any CPU
		{EF82C289-53D6-41C8-B5C3-72B37655C7F3}.RelWithDebInfo|x64.ActiveCfg = Release|Any CPU
		{EF82C289-53D6-41C8-B5C3-72B37655C7F3}.RelWithDebInfo|x64.Build.0 = Release|Any CPU
		{EF82C289-53D6-41C8-B5C3-72B37655C7F3}.RelWithDebInfo|x86.ActiveCfg = Release|Any CPU
		{EF82C289-53D6-41C8-B5C3-72B37655C7F3}.RelWithDebInfo|x86.Build.0 = Release|Any CPU
		{32F08B9A-F50B-4C2E-AB56-533FED066DDE}.Debug|Any CPU.ActiveCfg = Debug|Any CPU
		{32F08B9A-F50B-4C2E-AB56-533FED066DDE}.Debug|Any CPU.Build.0 = Debug|Any CPU
		{32F08B9A-F50B-4C2E-AB56-533FED066DDE}.Debug|x64.ActiveCfg = Debug|Any CPU
		{32F08B9A-F50B-4C2E-AB56-533FED066DDE}.Debug|x64.Build.0 = Debug|Any CPU
		{32F08B9A-F50B-4C2E-AB56-533FED066DDE}.Debug|x86.ActiveCfg = Debug|Any CPU
		{32F08B9A-F50B-4C2E-AB56-533FED066DDE}.Debug|x86.Build.0 = Debug|Any CPU
		{32F08B9A-F50B-4C2E-AB56-533FED066DDE}.Release|Any CPU.ActiveCfg = Release|Any CPU
		{32F08B9A-F50B-4C2E-AB56-533FED066DDE}.Release|Any CPU.Build.0 = Release|Any CPU
		{32F08B9A-F50B-4C2E-AB56-533FED066DDE}.Release|x64.ActiveCfg = Release|Any CPU
		{32F08B9A-F50B-4C2E-AB56-533FED066DDE}.Release|x64.Build.0 = Release|Any CPU
		{32F08B9A-F50B-4C2E-AB56-533FED066DDE}.Release|x86.ActiveCfg = Release|Any CPU
		{32F08B9A-F50B-4C2E-AB56-533FED066DDE}.Release|x86.Build.0 = Release|Any CPU
		{32F08B9A-F50B-4C2E-AB56-533FED066DDE}.RelWithDebInfo|Any CPU.ActiveCfg = Release|Any CPU
		{32F08B9A-F50B-4C2E-AB56-533FED066DDE}.RelWithDebInfo|Any CPU.Build.0 = Release|Any CPU
		{32F08B9A-F50B-4C2E-AB56-533FED066DDE}.RelWithDebInfo|x64.ActiveCfg = Release|Any CPU
		{32F08B9A-F50B-4C2E-AB56-533FED066DDE}.RelWithDebInfo|x64.Build.0 = Release|Any CPU
		{32F08B9A-F50B-4C2E-AB56-533FED066DDE}.RelWithDebInfo|x86.ActiveCfg = Release|Any CPU
		{32F08B9A-F50B-4C2E-AB56-533FED066DDE}.RelWithDebInfo|x86.Build.0 = Release|Any CPU
		{31E71543-CBCF-43BB-AF77-D210D548118E}.Debug|Any CPU.ActiveCfg = Debug|Any CPU
		{31E71543-CBCF-43BB-AF77-D210D548118E}.Debug|Any CPU.Build.0 = Debug|Any CPU
		{31E71543-CBCF-43BB-AF77-D210D548118E}.Debug|x64.ActiveCfg = Debug|Any CPU
		{31E71543-CBCF-43BB-AF77-D210D548118E}.Debug|x64.Build.0 = Debug|Any CPU
		{31E71543-CBCF-43BB-AF77-D210D548118E}.Debug|x86.ActiveCfg = Debug|Any CPU
		{31E71543-CBCF-43BB-AF77-D210D548118E}.Debug|x86.Build.0 = Debug|Any CPU
		{31E71543-CBCF-43BB-AF77-D210D548118E}.Release|Any CPU.ActiveCfg = Release|Any CPU
		{31E71543-CBCF-43BB-AF77-D210D548118E}.Release|Any CPU.Build.0 = Release|Any CPU
		{31E71543-CBCF-43BB-AF77-D210D548118E}.Release|x64.ActiveCfg = Release|Any CPU
		{31E71543-CBCF-43BB-AF77-D210D548118E}.Release|x64.Build.0 = Release|Any CPU
		{31E71543-CBCF-43BB-AF77-D210D548118E}.Release|x86.ActiveCfg = Release|Any CPU
		{31E71543-CBCF-43BB-AF77-D210D548118E}.Release|x86.Build.0 = Release|Any CPU
		{31E71543-CBCF-43BB-AF77-D210D548118E}.RelWithDebInfo|Any CPU.ActiveCfg = Release|Any CPU
		{31E71543-CBCF-43BB-AF77-D210D548118E}.RelWithDebInfo|Any CPU.Build.0 = Release|Any CPU
		{31E71543-CBCF-43BB-AF77-D210D548118E}.RelWithDebInfo|x64.ActiveCfg = Release|Any CPU
		{31E71543-CBCF-43BB-AF77-D210D548118E}.RelWithDebInfo|x64.Build.0 = Release|Any CPU
		{31E71543-CBCF-43BB-AF77-D210D548118E}.RelWithDebInfo|x86.ActiveCfg = Release|Any CPU
		{31E71543-CBCF-43BB-AF77-D210D548118E}.RelWithDebInfo|x86.Build.0 = Release|Any CPU
		{E4B4F95E-F027-44D7-AB93-B96EF2E661B6}.Debug|Any CPU.ActiveCfg = Debug|Any CPU
		{E4B4F95E-F027-44D7-AB93-B96EF2E661B6}.Debug|Any CPU.Build.0 = Debug|Any CPU
		{E4B4F95E-F027-44D7-AB93-B96EF2E661B6}.Debug|x64.ActiveCfg = Debug|Any CPU
		{E4B4F95E-F027-44D7-AB93-B96EF2E661B6}.Debug|x64.Build.0 = Debug|Any CPU
		{E4B4F95E-F027-44D7-AB93-B96EF2E661B6}.Debug|x86.ActiveCfg = Debug|Any CPU
		{E4B4F95E-F027-44D7-AB93-B96EF2E661B6}.Debug|x86.Build.0 = Debug|Any CPU
		{E4B4F95E-F027-44D7-AB93-B96EF2E661B6}.Release|Any CPU.ActiveCfg = Release|Any CPU
		{E4B4F95E-F027-44D7-AB93-B96EF2E661B6}.Release|Any CPU.Build.0 = Release|Any CPU
		{E4B4F95E-F027-44D7-AB93-B96EF2E661B6}.Release|x64.ActiveCfg = Release|Any CPU
		{E4B4F95E-F027-44D7-AB93-B96EF2E661B6}.Release|x64.Build.0 = Release|Any CPU
		{E4B4F95E-F027-44D7-AB93-B96EF2E661B6}.Release|x86.ActiveCfg = Release|Any CPU
		{E4B4F95E-F027-44D7-AB93-B96EF2E661B6}.Release|x86.Build.0 = Release|Any CPU
		{E4B4F95E-F027-44D7-AB93-B96EF2E661B6}.RelWithDebInfo|Any CPU.ActiveCfg = Release|Any CPU
		{E4B4F95E-F027-44D7-AB93-B96EF2E661B6}.RelWithDebInfo|Any CPU.Build.0 = Release|Any CPU
		{E4B4F95E-F027-44D7-AB93-B96EF2E661B6}.RelWithDebInfo|x64.ActiveCfg = Release|Any CPU
		{E4B4F95E-F027-44D7-AB93-B96EF2E661B6}.RelWithDebInfo|x64.Build.0 = Release|Any CPU
		{E4B4F95E-F027-44D7-AB93-B96EF2E661B6}.RelWithDebInfo|x86.ActiveCfg = Release|Any CPU
		{E4B4F95E-F027-44D7-AB93-B96EF2E661B6}.RelWithDebInfo|x86.Build.0 = Release|Any CPU
		{94D900D1-EC77-4170-8942-56E3736E44DE}.Debug|Any CPU.ActiveCfg = Debug|Any CPU
		{94D900D1-EC77-4170-8942-56E3736E44DE}.Debug|Any CPU.Build.0 = Debug|Any CPU
		{94D900D1-EC77-4170-8942-56E3736E44DE}.Debug|x64.ActiveCfg = Debug|Any CPU
		{94D900D1-EC77-4170-8942-56E3736E44DE}.Debug|x64.Build.0 = Debug|Any CPU
		{94D900D1-EC77-4170-8942-56E3736E44DE}.Debug|x86.ActiveCfg = Debug|Any CPU
		{94D900D1-EC77-4170-8942-56E3736E44DE}.Debug|x86.Build.0 = Debug|Any CPU
		{94D900D1-EC77-4170-8942-56E3736E44DE}.Release|Any CPU.ActiveCfg = Release|Any CPU
		{94D900D1-EC77-4170-8942-56E3736E44DE}.Release|Any CPU.Build.0 = Release|Any CPU
		{94D900D1-EC77-4170-8942-56E3736E44DE}.Release|x64.ActiveCfg = Release|Any CPU
		{94D900D1-EC77-4170-8942-56E3736E44DE}.Release|x64.Build.0 = Release|Any CPU
		{94D900D1-EC77-4170-8942-56E3736E44DE}.Release|x86.ActiveCfg = Release|Any CPU
		{94D900D1-EC77-4170-8942-56E3736E44DE}.Release|x86.Build.0 = Release|Any CPU
		{94D900D1-EC77-4170-8942-56E3736E44DE}.RelWithDebInfo|Any CPU.ActiveCfg = Release|Any CPU
		{94D900D1-EC77-4170-8942-56E3736E44DE}.RelWithDebInfo|Any CPU.Build.0 = Release|Any CPU
		{94D900D1-EC77-4170-8942-56E3736E44DE}.RelWithDebInfo|x64.ActiveCfg = Release|Any CPU
		{94D900D1-EC77-4170-8942-56E3736E44DE}.RelWithDebInfo|x64.Build.0 = Release|Any CPU
		{94D900D1-EC77-4170-8942-56E3736E44DE}.RelWithDebInfo|x86.ActiveCfg = Release|Any CPU
		{94D900D1-EC77-4170-8942-56E3736E44DE}.RelWithDebInfo|x86.Build.0 = Release|Any CPU
		{67E646C2-3C3C-4327-A0B4-40C1DB32579F}.Debug|Any CPU.ActiveCfg = Debug|Any CPU
		{67E646C2-3C3C-4327-A0B4-40C1DB32579F}.Debug|Any CPU.Build.0 = Debug|Any CPU
		{67E646C2-3C3C-4327-A0B4-40C1DB32579F}.Debug|x64.ActiveCfg = Debug|Any CPU
		{67E646C2-3C3C-4327-A0B4-40C1DB32579F}.Debug|x64.Build.0 = Debug|Any CPU
		{67E646C2-3C3C-4327-A0B4-40C1DB32579F}.Debug|x86.ActiveCfg = Debug|Any CPU
		{67E646C2-3C3C-4327-A0B4-40C1DB32579F}.Debug|x86.Build.0 = Debug|Any CPU
		{67E646C2-3C3C-4327-A0B4-40C1DB32579F}.Release|Any CPU.ActiveCfg = Release|Any CPU
		{67E646C2-3C3C-4327-A0B4-40C1DB32579F}.Release|Any CPU.Build.0 = Release|Any CPU
		{67E646C2-3C3C-4327-A0B4-40C1DB32579F}.Release|x64.ActiveCfg = Release|Any CPU
		{67E646C2-3C3C-4327-A0B4-40C1DB32579F}.Release|x64.Build.0 = Release|Any CPU
		{67E646C2-3C3C-4327-A0B4-40C1DB32579F}.Release|x86.ActiveCfg = Release|Any CPU
		{67E646C2-3C3C-4327-A0B4-40C1DB32579F}.Release|x86.Build.0 = Release|Any CPU
		{67E646C2-3C3C-4327-A0B4-40C1DB32579F}.RelWithDebInfo|Any CPU.ActiveCfg = Release|Any CPU
		{67E646C2-3C3C-4327-A0B4-40C1DB32579F}.RelWithDebInfo|Any CPU.Build.0 = Release|Any CPU
		{67E646C2-3C3C-4327-A0B4-40C1DB32579F}.RelWithDebInfo|x64.ActiveCfg = Release|Any CPU
		{67E646C2-3C3C-4327-A0B4-40C1DB32579F}.RelWithDebInfo|x64.Build.0 = Release|Any CPU
		{67E646C2-3C3C-4327-A0B4-40C1DB32579F}.RelWithDebInfo|x86.ActiveCfg = Release|Any CPU
		{67E646C2-3C3C-4327-A0B4-40C1DB32579F}.RelWithDebInfo|x86.Build.0 = Release|Any CPU
		{043514DF-5822-41A0-A5CE-CBC349B1398B}.Debug|Any CPU.ActiveCfg = Debug|x64
		{043514DF-5822-41A0-A5CE-CBC349B1398B}.Debug|Any CPU.Build.0 = Debug|x64
		{043514DF-5822-41A0-A5CE-CBC349B1398B}.Debug|x64.ActiveCfg = Debug|x64
		{043514DF-5822-41A0-A5CE-CBC349B1398B}.Debug|x64.Build.0 = Debug|x64
		{043514DF-5822-41A0-A5CE-CBC349B1398B}.Debug|x86.ActiveCfg = Debug|Win32
		{043514DF-5822-41A0-A5CE-CBC349B1398B}.Debug|x86.Build.0 = Debug|Win32
		{043514DF-5822-41A0-A5CE-CBC349B1398B}.Release|Any CPU.ActiveCfg = Release|x64
		{043514DF-5822-41A0-A5CE-CBC349B1398B}.Release|Any CPU.Build.0 = Release|x64
		{043514DF-5822-41A0-A5CE-CBC349B1398B}.Release|x64.ActiveCfg = Release|x64
		{043514DF-5822-41A0-A5CE-CBC349B1398B}.Release|x64.Build.0 = Release|x64
		{043514DF-5822-41A0-A5CE-CBC349B1398B}.Release|x86.ActiveCfg = Release|Win32
		{043514DF-5822-41A0-A5CE-CBC349B1398B}.Release|x86.Build.0 = Release|Win32
		{043514DF-5822-41A0-A5CE-CBC349B1398B}.RelWithDebInfo|Any CPU.ActiveCfg = Release|x64
		{043514DF-5822-41A0-A5CE-CBC349B1398B}.RelWithDebInfo|Any CPU.Build.0 = Release|x64
		{043514DF-5822-41A0-A5CE-CBC349B1398B}.RelWithDebInfo|x64.ActiveCfg = Release|x64
		{043514DF-5822-41A0-A5CE-CBC349B1398B}.RelWithDebInfo|x64.Build.0 = Release|x64
		{043514DF-5822-41A0-A5CE-CBC349B1398B}.RelWithDebInfo|x86.ActiveCfg = Release|Win32
		{043514DF-5822-41A0-A5CE-CBC349B1398B}.RelWithDebInfo|x86.Build.0 = Release|Win32
		{A721CE1D-F76D-476B-86E7-C8B2D85D7E73}.Debug|Any CPU.ActiveCfg = Debug|Any CPU
		{A721CE1D-F76D-476B-86E7-C8B2D85D7E73}.Debug|Any CPU.Build.0 = Debug|Any CPU
		{A721CE1D-F76D-476B-86E7-C8B2D85D7E73}.Debug|x64.ActiveCfg = Debug|Any CPU
		{A721CE1D-F76D-476B-86E7-C8B2D85D7E73}.Debug|x64.Build.0 = Debug|Any CPU
		{A721CE1D-F76D-476B-86E7-C8B2D85D7E73}.Debug|x86.ActiveCfg = Debug|Any CPU
		{A721CE1D-F76D-476B-86E7-C8B2D85D7E73}.Debug|x86.Build.0 = Debug|Any CPU
		{A721CE1D-F76D-476B-86E7-C8B2D85D7E73}.Release|Any CPU.ActiveCfg = Release|Any CPU
		{A721CE1D-F76D-476B-86E7-C8B2D85D7E73}.Release|Any CPU.Build.0 = Release|Any CPU
		{A721CE1D-F76D-476B-86E7-C8B2D85D7E73}.Release|x64.ActiveCfg = Release|Any CPU
		{A721CE1D-F76D-476B-86E7-C8B2D85D7E73}.Release|x64.Build.0 = Release|Any CPU
		{A721CE1D-F76D-476B-86E7-C8B2D85D7E73}.Release|x86.ActiveCfg = Release|Any CPU
		{A721CE1D-F76D-476B-86E7-C8B2D85D7E73}.Release|x86.Build.0 = Release|Any CPU
		{A721CE1D-F76D-476B-86E7-C8B2D85D7E73}.RelWithDebInfo|Any CPU.ActiveCfg = Release|Any CPU
		{A721CE1D-F76D-476B-86E7-C8B2D85D7E73}.RelWithDebInfo|Any CPU.Build.0 = Release|Any CPU
		{A721CE1D-F76D-476B-86E7-C8B2D85D7E73}.RelWithDebInfo|x64.ActiveCfg = Release|Any CPU
		{A721CE1D-F76D-476B-86E7-C8B2D85D7E73}.RelWithDebInfo|x64.Build.0 = Release|Any CPU
		{A721CE1D-F76D-476B-86E7-C8B2D85D7E73}.RelWithDebInfo|x86.ActiveCfg = Release|Any CPU
		{A721CE1D-F76D-476B-86E7-C8B2D85D7E73}.RelWithDebInfo|x86.Build.0 = Release|Any CPU
	EndGlobalSection
	GlobalSection(SolutionProperties) = preSolution
		HideSolutionNode = FALSE
	EndGlobalSection
	GlobalSection(ExtensibilityGlobals) = postSolution
		SolutionGuid = {2CCBBA64-DB08-4DC9-B08A-2F13F0733AAC}
	EndGlobalSection
EndGlobal
